
Microsoft Visual Studio Solution File, Format Version 12.00
# Visual Studio Version 17
VisualStudioVersion = 17.3.32929.385
MinimumVisualStudioVersion = 10.0.40219.1
Project("{FAE04EC0-301F-11D3-BF4B-00C04F79EFBC}") = "DRPC-PGR", "DRPC-PGR\DRPC-PGR.csproj", "{8FFB64BF-A2BB-4231-84CF-2ADB8D0B3CC5}"
EndProject
Project("{54435603-DBB4-11D2-8724-00A0C9A8B90C}") = "Setup", "Setup\Setup.vdproj", "{2B6EAD86-D551-49D4-ADB4-86051EF4E2EA}"
EndProject
Global
	GlobalSection(SolutionConfigurationPlatforms) = preSolution
		Debug|Any CPU = Debug|Any CPU
		Release|Any CPU = Release|Any CPU
	EndGlobalSection
	GlobalSection(ProjectConfigurationPlatforms) = postSolution
		{8FFB64BF-A2BB-4231-84CF-2ADB8D0B3CC5}.Debug|Any CPU.ActiveCfg = Release|Any CPU
		{8FFB64BF-A2BB-4231-84CF-2ADB8D0B3CC5}.Debug|Any CPU.Build.0 = Release|Any CPU
		{8FFB64BF-A2BB-4231-84CF-2ADB8D0B3CC5}.Release|Any CPU.ActiveCfg = Release|Any CPU
		{8FFB64BF-A2BB-4231-84CF-2ADB8D0B3CC5}.Release|Any CPU.Build.0 = Release|Any CPU
		{2B6EAD86-D551-49D4-ADB4-86051EF4E2EA}.Debug|Any CPU.ActiveCfg = Release
		{2B6EAD86-D551-49D4-ADB4-86051EF4E2EA}.Debug|Any CPU.Build.0 = Release
		{2B6EAD86-D551-49D4-ADB4-86051EF4E2EA}.Release|Any CPU.ActiveCfg = Release
	EndGlobalSection
	GlobalSection(SolutionProperties) = preSolution
		HideSolutionNode = FALSE
	EndGlobalSection
	GlobalSection(ExtensibilityGlobals) = postSolution
		SolutionGuid = {F736F2DD-00BC-4FB8-AE1A-B3C70EE35E00}
	EndGlobalSection
EndGlobal
